
Microsoft Visual Studio Solution File, Format Version 12.00
# Visual Studio Version 17
VisualStudioVersion = 17.5.33627.172
MinimumVisualStudioVersion = 10.0.40219.1
Project("{FAE04EC0-301F-11D3-BF4B-00C04F79EFBC}") = "S5_Ejercicio01_Consola", "S5_Ejercicio01_Consola.csproj", "{1C9498C5-0295-45DB-9F6F-0818373E065B}"
EndProject
Global
	GlobalSection(SolutionConfigurationPlatforms) = preSolution
		Debug|Any CPU = Debug|Any CPU
		Release|Any CPU = Release|Any CPU
	EndGlobalSection
	GlobalSection(ProjectConfigurationPlatforms) = postSolution
		{1C9498C5-0295-45DB-9F6F-0818373E065B}.Debug|Any CPU.ActiveCfg = Debug|Any CPU
		{1C9498C5-0295-45DB-9F6F-0818373E065B}.Debug|Any CPU.Build.0 = Debug|Any CPU
		{1C9498C5-0295-45DB-9F6F-0818373E065B}.Release|Any CPU.ActiveCfg = Release|Any CPU
		{1C9498C5-0295-45DB-9F6F-0818373E065B}.Release|Any CPU.Build.0 = Release|Any CPU
	EndGlobalSection
	GlobalSection(SolutionProperties) = preSolution
		HideSolutionNode = FALSE
	EndGlobalSection
	GlobalSection(ExtensibilityGlobals) = postSolution
		SolutionGuid = {9C6D273C-6B46-45CB-B839-57DBC63CAE0D}
	EndGlobalSection
EndGlobal
